PODS:
  - Alamofire (4.1.0)
  - Haneke (1.0.2)
  - Kakapo (2.1.0)
  - SnapKit (3.0.2)
  - SwiftyJSON (3.1.3)
  - TalkerFramework (0.1.0)

DEPENDENCIES:
  - Alamofire (~> 4.0)
  - Haneke (~> 1.0)
  - Kakapo (~> 2.1.0)
  - SnapKit (~> 3.0)
  - SwiftyJSON (~> 3.0)
  - TalkerFramework (from `https://github.com/mathiasAichinger/talker-framework.git`)

EXTERNAL SOURCES:
  TalkerFramework:
    :git: https://github.com/mathiasAichinger/talker-framework.git

CHECKOUT OPTIONS:
  TalkerFramework:
    :commit: 4ece2fa9797c62875d7a4af19d212e35f5f4f2be
    :git: https://github.com/mathiasAichinger/talker-framework.git

SPEC CHECKSUMS:
  Alamofire: e266cf991b933498df791e645e0d8ac294492153
  Haneke: 01454a67322faa0dd9d81fc0f447885044e71521
  Kakapo: a30b8f6ce2ce17eec2d441df923a2af0ec5f538f
  SnapKit: 2e456761aa92d4d4067a7a5594c18769d451a8ad
  SwiftyJSON: 38a8ea2006779c0fc4c310cb2ee8195327740faf
  TalkerFramework: 55b75c47d371b4173e2364c6a036d18bdfd49d31

PODFILE CHECKSUM: 4eb3d8e4b705392f7b0e8f3eb382b5d8295dd0e4

COCOAPODS: 1.1.1
