// !$*UTF8*$!
{
	archiveVersion = 1;
	classes = {
	};
	objectVersion = 46;
	objects = {

/* Begin PBXBuildFile section */
		21604E7B1DE50F2F007D93F3 /* Speaker+JSON.swift in Sources */ = {isa = PBXBuildFile; fileRef = 21604E7A1DE50F2F007D93F3 /* Speaker+JSON.swift */; };
		219047761DE21D50004A5E4E /* TalkDetailViewController.swift in Sources */ = {isa = PBXBuildFile; fileRef = 219047751DE21D50004A5E4E /* TalkDetailViewController.swift */; };
		219047781DE21D91004A5E4E /* TalkDetaiViewModel.swift in Sources */ = {isa = PBXBuildFile; fileRef = 219047771DE21D91004A5E4E /* TalkDetaiViewModel.swift */; };
		2190477A1DE21DE8004A5E4E /* TalkDetailInfoTableViewCell.swift in Sources */ = {isa = PBXBuildFile; fileRef = 219047791DE21DE8004A5E4E /* TalkDetailInfoTableViewCell.swift */; };
		2190477C1DE220B5004A5E4E /* TalkDetailDescriptionTableViewCell.swift in Sources */ = {isa = PBXBuildFile; fileRef = 2190477B1DE220B5004A5E4E /* TalkDetailDescriptionTableViewCell.swift */; };
		2190477F1DE22D80004A5E4E /* FeedbackViewController.swift in Sources */ = {isa = PBXBuildFile; fileRef = 2190477E1DE22D80004A5E4E /* FeedbackViewController.swift */; };
		21D78E541DDF9EBD00B8ABDB /* NetworkMock.swift in Sources */ = {isa = PBXBuildFile; fileRef = 21D78E531DDF9EBD00B8ABDB /* NetworkMock.swift */; };
		21D78E571DDF9F6300B8ABDB /* Talk+Mock.swift in Sources */ = {isa = PBXBuildFile; fileRef = 21D78E561DDF9F6300B8ABDB /* Talk+Mock.swift */; };
		21D78E591DDFA1F600B8ABDB /* NetworkManager.swift in Sources */ = {isa = PBXBuildFile; fileRef = 21D78E581DDFA1F600B8ABDB /* NetworkManager.swift */; };
		21D78E5B1DDFA27500B8ABDB /* ObserverSet.swift in Sources */ = {isa = PBXBuildFile; fileRef = 21D78E5A1DDFA27500B8ABDB /* ObserverSet.swift */; };
		21D78E5D1DDFA31700B8ABDB /* ModelUtils.swift in Sources */ = {isa = PBXBuildFile; fileRef = 21D78E5C1DDFA31700B8ABDB /* ModelUtils.swift */; };
		21EEE3851DDF7BC500A2A34C /* AppDelegate.swift in Sources */ = {isa = PBXBuildFile; fileRef = 21EEE3841DDF7BC500A2A34C /* AppDelegate.swift */; };
		21EEE38E1DDF7BC500A2A34C /* Assets.xcassets in Resources */ = {isa = PBXBuildFile; fileRef = 21EEE38D1DDF7BC500A2A34C /* Assets.xcassets */; };
		21EEE3911DDF7BC500A2A34C /* LaunchScreen.storyboard in Resources */ = {isa = PBXBuildFile; fileRef = 21EEE38F1DDF7BC500A2A34C /* LaunchScreen.storyboard */; };
		21EEE5441DDF84B800A2A34C /* Talk+JSONInitializable.swift in Sources */ = {isa = PBXBuildFile; fileRef = 21EEE5431DDF84B800A2A34C /* Talk+JSONInitializable.swift */; };
		21EEE5481DDF85E700A2A34C /* TalkListViewController.swift in Sources */ = {isa = PBXBuildFile; fileRef = 21EEE5471DDF85E700A2A34C /* TalkListViewController.swift */; };
		21EEE54A1DDF85FB00A2A34C /* TalkListViewModel.swift in Sources */ = {isa = PBXBuildFile; fileRef = 21EEE5491DDF85FB00A2A34C /* TalkListViewModel.swift */; };
		21EEE54C1DDF865C00A2A34C /* TalkTableViewCell.swift in Sources */ = {isa = PBXBuildFile; fileRef = 21EEE54B1DDF865C00A2A34C /* TalkTableViewCell.swift */; };
		21EEE5521DDF90F400A2A34C /* profile_small.png in Resources */ = {isa = PBXBuildFile; fileRef = 21EEE5511DDF90F400A2A34C /* profile_small.png */; };
		21EEE5541DDF956500A2A34C /* wolfgang_damm.png in Resources */ = {isa = PBXBuildFile; fileRef = 21EEE5531DDF956500A2A34C /* wolfgang_damm.png */; };
		2B5E167CF9A79DC4A2F9C367 /* Pods_talker.framework in Frameworks */ = {isa = PBXBuildFile; fileRef = 35CAD6983AED03C35E80A474 /* Pods_talker.framework */; };
/* End PBXBuildFile section */

/* Begin PBXFileReference section */
		21604E7A1DE50F2F007D93F3 /* Speaker+JSON.swift */ = {isa = PBXFileReference; fileEncoding = 4; lastKnownFileType = sourcecode.swift; path = "Speaker+JSON.swift"; sourceTree = "<group>"; };
		219047751DE21D50004A5E4E /* TalkDetailViewController.swift */ = {isa = PBXFileReference; fileEncoding = 4; lastKnownFileType = sourcecode.swift; path = TalkDetailViewController.swift; sourceTree = "<group>"; };
		219047771DE21D91004A5E4E /* TalkDetaiViewModel.swift */ = {isa = PBXFileReference; fileEncoding = 4; lastKnownFileType = sourcecode.swift; path = TalkDetaiViewModel.swift; sourceTree = "<group>"; };
		219047791DE21DE8004A5E4E /* TalkDetailInfoTableViewCell.swift */ = {isa = PBXFileReference; fileEncoding = 4; lastKnownFileType = sourcecode.swift; path = TalkDetailInfoTableViewCell.swift; sourceTree = "<group>"; };
		2190477B1DE220B5004A5E4E /* TalkDetailDescriptionTableViewCell.swift */ = {isa = PBXFileReference; fileEncoding = 4; lastKnownFileType = sourcecode.swift; path = TalkDetailDescriptionTableViewCell.swift; sourceTree = "<group>"; };
		2190477E1DE22D80004A5E4E /* FeedbackViewController.swift */ = {isa = PBXFileReference; fileEncoding = 4; lastKnownFileType = sourcecode.swift; path = FeedbackViewController.swift; sourceTree = "<group>"; };
		21D78E531DDF9EBD00B8ABDB /* NetworkMock.swift */ = {isa = PBXFileReference; fileEncoding = 4; lastKnownFileType = sourcecode.swift; path = NetworkMock.swift; sourceTree = "<group>"; };
		21D78E561DDF9F6300B8ABDB /* Talk+Mock.swift */ = {isa = PBXFileReference; fileEncoding = 4; lastKnownFileType = sourcecode.swift; path = "Talk+Mock.swift"; sourceTree = "<group>"; };
		21D78E581DDFA1F600B8ABDB /* NetworkManager.swift */ = {isa = PBXFileReference; fileEncoding = 4; lastKnownFileType = sourcecode.swift; path = NetworkManager.swift; sourceTree = "<group>"; };
		21D78E5A1DDFA27500B8ABDB /* ObserverSet.swift */ = {isa = PBXFileReference; fileEncoding = 4; lastKnownFileType = sourcecode.swift; path = ObserverSet.swift; sourceTree = "<group>"; };
		21D78E5C1DDFA31700B8ABDB /* ModelUtils.swift */ = {isa = PBXFileReference; fileEncoding = 4; lastKnownFileType = sourcecode.swift; path = ModelUtils.swift; sourceTree = "<group>"; };
		21EEE3811DDF7BC500A2A34C /* talker.app */ = {isa = PBXFileReference; explicitFileType = wrapper.application; includeInIndex = 0; path = talker.app; sourceTree = BUILT_PRODUCTS_DIR; };
		21EEE3841DDF7BC500A2A34C /* AppDelegate.swift */ = {isa = PBXFileReference; lastKnownFileType = sourcecode.swift; path = AppDelegate.swift; sourceTree = "<group>"; };
		21EEE38D1DDF7BC500A2A34C /* Assets.xcassets */ = {isa = PBXFileReference; lastKnownFileType = folder.assetcatalog; path = Assets.xcassets; sourceTree = "<group>"; };
		21EEE3901DDF7BC500A2A34C /* Base */ = {isa = PBXFileReference; lastKnownFileType = file.storyboard; name = Base; path = Base.lproj/LaunchScreen.storyboard; sourceTree = "<group>"; };
		21EEE3921DDF7BC500A2A34C /* Info.plist */ = {isa = PBXFileReference; lastKnownFileType = text.plist.xml; path = Info.plist; sourceTree = "<group>"; };
		21EEE5431DDF84B800A2A34C /* Talk+JSONInitializable.swift */ = {isa = PBXFileReference; fileEncoding = 4; lastKnownFileType = sourcecode.swift; path = "Talk+JSONInitializable.swift"; sourceTree = "<group>"; };
		21EEE5471DDF85E700A2A34C /* TalkListViewController.swift */ = {isa = PBXFileReference; fileEncoding = 4; lastKnownFileType = sourcecode.swift; path = TalkListViewController.swift; sourceTree = "<group>"; };
		21EEE5491DDF85FB00A2A34C /* TalkListViewModel.swift */ = {isa = PBXFileReference; fileEncoding = 4; lastKnownFileType = sourcecode.swift; path = TalkListViewModel.swift; sourceTree = "<group>"; };
		21EEE54B1DDF865C00A2A34C /* TalkTableViewCell.swift */ = {isa = PBXFileReference; fileEncoding = 4; lastKnownFileType = sourcecode.swift; path = TalkTableViewCell.swift; sourceTree = "<group>"; };
		21EEE5511DDF90F400A2A34C /* profile_small.png */ = {isa = PBXFileReference; lastKnownFileType = image.png; path = profile_small.png; sourceTree = "<group>"; };
		21EEE5531DDF956500A2A34C /* wolfgang_damm.png */ = {isa = PBXFileReference; lastKnownFileType = image.png; path = wolfgang_damm.png; sourceTree = "<group>"; };
		35CAD6983AED03C35E80A474 /* Pods_talker.framework */ = {isa = PBXFileReference; explicitFileType = wrapper.framework; includeInIndex = 0; path = Pods_talker.framework; sourceTree = BUILT_PRODUCTS_DIR; };
		558342BB70A4A0BA51E2770C /* Pods-talker.release.xcconfig */ = {isa = PBXFileReference; includeInIndex = 1; lastKnownFileType = text.xcconfig; name = "Pods-talker.release.xcconfig"; path = "Pods/Target Support Files/Pods-talker/Pods-talker.release.xcconfig"; sourceTree = "<group>"; };
		77998D13B946771B155B6E35 /* Pods-talker.debug.xcconfig */ = {isa = PBXFileReference; includeInIndex = 1; lastKnownFileType = text.xcconfig; name = "Pods-talker.debug.xcconfig"; path = "Pods/Target Support Files/Pods-talker/Pods-talker.debug.xcconfig"; sourceTree = "<group>"; };
/* End PBXFileReference section */

/* Begin PBXFrameworksBuildPhase section */
		21EEE37E1DDF7BC500A2A34C /* Frameworks */ = {
			isa = PBXFrameworksBuildPhase;
			buildActionMask = 2147483647;
			files = (
				2B5E167CF9A79DC4A2F9C367 /* Pods_talker.framework in Frameworks */,
			);
			runOnlyForDeploymentPostprocessing = 0;
		};
/* End PBXFrameworksBuildPhase section */

/* Begin PBXGroup section */
		219047741DE21D18004A5E4E /* TalkDetail */ = {
			isa = PBXGroup;
			children = (
				219047751DE21D50004A5E4E /* TalkDetailViewController.swift */,
				219047771DE21D91004A5E4E /* TalkDetaiViewModel.swift */,
				219047791DE21DE8004A5E4E /* TalkDetailInfoTableViewCell.swift */,
				2190477B1DE220B5004A5E4E /* TalkDetailDescriptionTableViewCell.swift */,
			);
			path = TalkDetail;
			sourceTree = "<group>";
		};
		2190477D1DE22D5B004A5E4E /* Feedback */ = {
			isa = PBXGroup;
			children = (
				2190477E1DE22D80004A5E4E /* FeedbackViewController.swift */,
			);
			path = Feedback;
			sourceTree = "<group>";
		};
		21D78E521DDF9DEC00B8ABDB /* Network */ = {
			isa = PBXGroup;
			children = (
				21D78E5A1DDFA27500B8ABDB /* ObserverSet.swift */,
				21D78E531DDF9EBD00B8ABDB /* NetworkMock.swift */,
				21D78E581DDFA1F600B8ABDB /* NetworkManager.swift */,
			);
			path = Network;
			sourceTree = "<group>";
		};
		21D78E551DDF9F4300B8ABDB /* ClientModels */ = {
			isa = PBXGroup;
			children = (
				21D78E561DDF9F6300B8ABDB /* Talk+Mock.swift */,
			);
			path = ClientModels;
			sourceTree = "<group>";
		};
		21EEE3781DDF7BC500A2A34C = {
			isa = PBXGroup;
			children = (
				21EEE3831DDF7BC500A2A34C /* Talker */,
				21EEE3821DDF7BC500A2A34C /* Products */,
				EE9F12FCAECD5630428126A4 /* Pods */,
				A6B3934097AE0247FF29D15D /* Frameworks */,
			);
			sourceTree = "<group>";
		};
		21EEE3821DDF7BC500A2A34C /* Products */ = {
			isa = PBXGroup;
			children = (
				21EEE3811DDF7BC500A2A34C /* talker.app */,
			);
			name = Products;
			sourceTree = "<group>";
		};
		21EEE3831DDF7BC500A2A34C /* Talker */ = {
			isa = PBXGroup;
			children = (
				2190477D1DE22D5B004A5E4E /* Feedback */,
				219047741DE21D18004A5E4E /* TalkDetail */,
				21D78E551DDF9F4300B8ABDB /* ClientModels */,
				21D78E521DDF9DEC00B8ABDB /* Network */,
				21EEE5461DDF85D800A2A34C /* TalkList */,
				21EEE5421DDF846200A2A34C /* Models */,
				21EEE3841DDF7BC500A2A34C /* AppDelegate.swift */,
				21EEE38D1DDF7BC500A2A34C /* Assets.xcassets */,
				21EEE38F1DDF7BC500A2A34C /* LaunchScreen.storyboard */,
				21EEE3921DDF7BC500A2A34C /* Info.plist */,
			);
			name = Talker;
			path = talker;
			sourceTree = "<group>";
		};
		21EEE5421DDF846200A2A34C /* Models */ = {
			isa = PBXGroup;
			children = (
				21EEE5431DDF84B800A2A34C /* Talk+JSONInitializable.swift */,
				21D78E5C1DDFA31700B8ABDB /* ModelUtils.swift */,
				21604E7A1DE50F2F007D93F3 /* Speaker+JSON.swift */,
			);
			path = Models;
			sourceTree = "<group>";
		};
		21EEE5461DDF85D800A2A34C /* TalkList */ = {
			isa = PBXGroup;
			children = (
				21EEE5531DDF956500A2A34C /* wolfgang_damm.png */,
				21EEE5511DDF90F400A2A34C /* profile_small.png */,
				21EEE5471DDF85E700A2A34C /* TalkListViewController.swift */,
				21EEE5491DDF85FB00A2A34C /* TalkListViewModel.swift */,
				21EEE54B1DDF865C00A2A34C /* TalkTableViewCell.swift */,
			);
			path = TalkList;
			sourceTree = "<group>";
		};
		A6B3934097AE0247FF29D15D /* Frameworks */ = {
			isa = PBXGroup;
			children = (
				35CAD6983AED03C35E80A474 /* Pods_talker.framework */,
			);
			name = Frameworks;
			sourceTree = "<group>";
		};
		EE9F12FCAECD5630428126A4 /* Pods */ = {
			isa = PBXGroup;
			children = (
				77998D13B946771B155B6E35 /* Pods-talker.debug.xcconfig */,
				558342BB70A4A0BA51E2770C /* Pods-talker.release.xcconfig */,
			);
			name = Pods;
			sourceTree = "<group>";
		};
/* End PBXGroup section */

/* Begin PBXNativeTarget section */
		21EEE3801DDF7BC500A2A34C /* talker */ = {
			isa = PBXNativeTarget;
			buildConfigurationList = 21EEE3951DDF7BC500A2A34C /* Build configuration list for PBXNativeTarget "talker" */;
			buildPhases = (
				5858C5FF1F834419E0BB9B25 /* [CP] Check Pods Manifest.lock */,
				21EEE37D1DDF7BC500A2A34C /* Sources */,
				21EEE37E1DDF7BC500A2A34C /* Frameworks */,
				21EEE37F1DDF7BC500A2A34C /* Resources */,
				BD44299238D8151EABB47A6F /* [CP] Embed Pods Frameworks */,
				76E73AFECCE4DC6323E4E3C3 /* [CP] Copy Pods Resources */,
			);
			buildRules = (
			);
			dependencies = (
			);
			name = talker;
			productName = talker;
			productReference = 21EEE3811DDF7BC500A2A34C /* talker.app */;
			productType = "com.apple.product-type.application";
		};
/* End PBXNativeTarget section */

/* Begin PBXProject section */
		21EEE3791DDF7BC500A2A34C /* Project object */ = {
			isa = PBXProject;
			attributes = {
				LastSwiftUpdateCheck = 0810;
				LastUpgradeCheck = 0810;
				ORGANIZATIONNAME = Easysolutions;
				TargetAttributes = {
					21EEE3801DDF7BC500A2A34C = {
						CreatedOnToolsVersion = 8.1;
						DevelopmentTeam = K4JGJ48S6A;
						ProvisioningStyle = Automatic;
					};
				};
			};
			buildConfigurationList = 21EEE37C1DDF7BC500A2A34C /* Build configuration list for PBXProject "talker" */;
			compatibilityVersion = "Xcode 3.2";
			developmentRegion = English;
			hasScannedForEncodings = 0;
			knownRegions = (
				en,
				Base,
			);
			mainGroup = 21EEE3781DDF7BC500A2A34C;
			productRefGroup = 21EEE3821DDF7BC500A2A34C /* Products */;
			projectDirPath = "";
			projectRoot = "";
			targets = (
				21EEE3801DDF7BC500A2A34C /* talker */,
			);
		};
/* End PBXProject section */

/* Begin PBXResourcesBuildPhase section */
		21EEE37F1DDF7BC500A2A34C /* Resources */ = {
			isa = PBXResourcesBuildPhase;
			buildActionMask = 2147483647;
			files = (
				21EEE3911DDF7BC500A2A34C /* LaunchScreen.storyboard in Resources */,
				21EEE38E1DDF7BC500A2A34C /* Assets.xcassets in Resources */,
				21EEE5521DDF90F400A2A34C /* profile_small.png in Resources */,
				21EEE5541DDF956500A2A34C /* wolfgang_damm.png in Resources */,
			);
			runOnlyForDeploymentPostprocessing = 0;
		};
/* End PBXResourcesBuildPhase section */

/* Begin PBXShellScriptBuildPhase section */
		5858C5FF1F834419E0BB9B25 /* [CP] Check Pods Manifest.lock */ = {
			isa = PBXShellScriptBuildPhase;
			buildActionMask = 2147483647;
			files = (
			);
			inputPaths = (
			);
			name = "[CP] Check Pods Manifest.lock";
			outputPaths = (
			);
			runOnlyForDeploymentPostprocessing = 0;
			shellPath = /bin/sh;
			shellScript = "diff \"${PODS_ROOT}/../Podfile.lock\" \"${PODS_ROOT}/Manifest.lock\" > /dev/null\nif [ $? != 0 ] ; then\n    # print error to STDERR\n    echo \"error: The sandbox is not in sync with the Podfile.lock. Run 'pod install' or update your CocoaPods installation.\" >&2\n    exit 1\nfi\n";
			showEnvVarsInLog = 0;
		};
		76E73AFECCE4DC6323E4E3C3 /* [CP] Copy Pods Resources */ = {
			isa = PBXShellScriptBuildPhase;
			buildActionMask = 2147483647;
			files = (
			);
			inputPaths = (
			);
			name = "[CP] Copy Pods Resources";
			outputPaths = (
			);
			runOnlyForDeploymentPostprocessing = 0;
			shellPath = /bin/sh;
			shellScript = "\"${SRCROOT}/Pods/Target Support Files/Pods-talker/Pods-talker-resources.sh\"\n";
			showEnvVarsInLog = 0;
		};
		BD44299238D8151EABB47A6F /* [CP] Embed Pods Frameworks */ = {
			isa = PBXShellScriptBuildPhase;
			buildActionMask = 2147483647;
			files = (
			);
			inputPaths = (
			);
			name = "[CP] Embed Pods Frameworks";
			outputPaths = (
			);
			runOnlyForDeploymentPostprocessing = 0;
			shellPath = /bin/sh;
			shellScript = "\"${SRCROOT}/Pods/Target Support Files/Pods-talker/Pods-talker-frameworks.sh\"\n";
			showEnvVarsInLog = 0;
		};
/* End PBXShellScriptBuildPhase section */

/* Begin PBXSourcesBuildPhase section */
		21EEE37D1DDF7BC500A2A34C /* Sources */ = {
			isa = PBXSourcesBuildPhase;
			buildActionMask = 2147483647;
			files = (
				21D78E571DDF9F6300B8ABDB /* Talk+Mock.swift in Sources */,
				21D78E5D1DDFA31700B8ABDB /* ModelUtils.swift in Sources */,
				219047781DE21D91004A5E4E /* TalkDetaiViewModel.swift in Sources */,
				21EEE5441DDF84B800A2A34C /* Talk+JSONInitializable.swift in Sources */,
				21EEE54C1DDF865C00A2A34C /* TalkTableViewCell.swift in Sources */,
				219047761DE21D50004A5E4E /* TalkDetailViewController.swift in Sources */,
				21D78E541DDF9EBD00B8ABDB /* NetworkMock.swift in Sources */,
				21D78E591DDFA1F600B8ABDB /* NetworkManager.swift in Sources */,
				21EEE5481DDF85E700A2A34C /* TalkListViewController.swift in Sources */,
				21D78E5B1DDFA27500B8ABDB /* ObserverSet.swift in Sources */,
				2190477A1DE21DE8004A5E4E /* TalkDetailInfoTableViewCell.swift in Sources */,
				2190477C1DE220B5004A5E4E /* TalkDetailDescriptionTableViewCell.swift in Sources */,
				21EEE3851DDF7BC500A2A34C /* AppDelegate.swift in Sources */,
				21604E7B1DE50F2F007D93F3 /* Speaker+JSON.swift in Sources */,
				2190477F1DE22D80004A5E4E /* FeedbackViewController.swift in Sources */,
				21EEE54A1DDF85FB00A2A34C /* TalkListViewModel.swift in Sources */,
			);
			runOnlyForDeploymentPostprocessing = 0;
		};
/* End PBXSourcesBuildPhase section */

/* Begin PBXVariantGroup section */
		21EEE38F1DDF7BC500A2A34C /* LaunchScreen.storyboard */ = {
			isa = PBXVariantGroup;
			children = (
				21EEE3901DDF7BC500A2A34C /* Base */,
			);
			name = LaunchScreen.storyboard;
			sourceTree = "<group>";
		};
/* End PBXVariantGroup section */

/* Begin XCBuildConfiguration section */
		21EEE3931DDF7BC500A2A34C /* Debug */ = {
			isa = XCBuildConfiguration;
			buildSettings = {
				ALWAYS_SEARCH_USER_PATHS = NO;
				CLANG_ANALYZER_NONNULL = YES;
				CLANG_CXX_LANGUAGE_STANDARD = "gnu++0x";
				CLANG_CXX_LIBRARY = "libc++";
				CLANG_ENABLE_MODULES = YES;
				CLANG_ENABLE_OBJC_ARC = YES;
				CLANG_WARN_BOOL_CONVERSION = YES;
				CLANG_WARN_CONSTANT_CONVERSION = YES;
				CLANG_WARN_DIRECT_OBJC_ISA_USAGE = YES_ERROR;
				CLANG_WARN_DOCUMENTATION_COMMENTS = YES;
				CLANG_WARN_EMPTY_BODY = YES;
				CLANG_WARN_ENUM_CONVERSION = YES;
				CLANG_WARN_INFINITE_RECURSION = YES;
				CLANG_WARN_INT_CONVERSION = YES;
				CLANG_WARN_OBJC_ROOT_CLASS = YES_ERROR;
				CLANG_WARN_SUSPICIOUS_MOVES = YES;
				CLANG_WARN_UNREACHABLE_CODE = YES;
				CLANG_WARN__DUPLICATE_METHOD_MATCH = YES;
				"CODE_SIGN_IDENTITY[sdk=iphoneos*]" = "iPhone Developer";
				COPY_PHASE_STRIP = NO;
				DEBUG_INFORMATION_FORMAT = dwarf;
				ENABLE_STRICT_OBJC_MSGSEND = YES;
				ENABLE_TESTABILITY = YES;
				GCC_C_LANGUAGE_STANDARD = gnu99;
				GCC_DYNAMIC_NO_PIC = NO;
				GCC_NO_COMMON_BLOCKS = YES;
				GCC_OPTIMIZATION_LEVEL = 0;
				GCC_PREPROCESSOR_DEFINITIONS = (
					"DEBUG=1",
					"$(inherited)",
				);
				GCC_WARN_64_TO_32_BIT_CONVERSION = YES;
				GCC_WARN_ABOUT_RETURN_TYPE = YES_ERROR;
				GCC_WARN_UNDECLARED_SELECTOR = YES;
				GCC_WARN_UNINITIALIZED_AUTOS = YES_AGGRESSIVE;
				GCC_WARN_UNUSED_FUNCTION = YES;
				GCC_WARN_UNUSED_VARIABLE = YES;
				IPHONEOS_DEPLOYMENT_TARGET = 10.1;
				MTL_ENABLE_DEBUG_INFO = YES;
				ONLY_ACTIVE_ARCH = YES;
				SDKROOT = iphoneos;
				SWIFT_ACTIVE_COMPILATION_CONDITIONS = DEBUG;
				SWIFT_OPTIMIZATION_LEVEL = "-Onone";
			};
			name = Debug;
		};
		21EEE3941DDF7BC500A2A34C /* Release */ = {
			isa = XCBuildConfiguration;
			buildSettings = {
				ALWAYS_SEARCH_USER_PATHS = NO;
				CLANG_ANALYZER_NONNULL = YES;
				CLANG_CXX_LANGUAGE_STANDARD = "gnu++0x";
				CLANG_CXX_LIBRARY = "libc++";
				CLANG_ENABLE_MODULES = YES;
				CLANG_ENABLE_OBJC_ARC = YES;
				CLANG_WARN_BOOL_CONVERSION = YES;
				CLANG_WARN_CONSTANT_CONVERSION = YES;
				CLANG_WARN_DIRECT_OBJC_ISA_USAGE = YES_ERROR;
				CLANG_WARN_DOCUMENTATION_COMMENTS = YES;
				CLANG_WARN_EMPTY_BODY = YES;
				CLANG_WARN_ENUM_CONVERSION = YES;
				CLANG_WARN_INFINITE_RECURSION = YES;
				CLANG_WARN_INT_CONVERSION = YES;
				CLANG_WARN_OBJC_ROOT_CLASS = YES_ERROR;
				CLANG_WARN_SUSPICIOUS_MOVES = YES;
				CLANG_WARN_UNREACHABLE_CODE = YES;
				CLANG_WARN__DUPLICATE_METHOD_MATCH = YES;
				"CODE_SIGN_IDENTITY[sdk=iphoneos*]" = "iPhone Developer";
				COPY_PHASE_STRIP = NO;
				DEBUG_INFORMATION_FORMAT = "dwarf-with-dsym";
				ENABLE_NS_ASSERTIONS = NO;
				ENABLE_STRICT_OBJC_MSGSEND = YES;
				GCC_C_LANGUAGE_STANDARD = gnu99;
				GCC_NO_COMMON_BLOCKS = YES;
				GCC_WARN_64_TO_32_BIT_CONVERSION = YES;
				GCC_WARN_ABOUT_RETURN_TYPE = YES_ERROR;
				GCC_WARN_UNDECLARED_SELECTOR = YES;
				GCC_WARN_UNINITIALIZED_AUTOS = YES_AGGRESSIVE;
				GCC_WARN_UNUSED_FUNCTION = YES;
				GCC_WARN_UNUSED_VARIABLE = YES;
				IPHONEOS_DEPLOYMENT_TARGET = 10.1;
				MTL_ENABLE_DEBUG_INFO = NO;
				SDKROOT = iphoneos;
				SWIFT_OPTIMIZATION_LEVEL = "-Owholemodule";
				VALIDATE_PRODUCT = YES;
			};
			name = Release;
		};
		21EEE3961DDF7BC500A2A34C /* Debug */ = {
			isa = XCBuildConfiguration;
			baseConfigurationReference = 77998D13B946771B155B6E35 /* Pods-talker.debug.xcconfig */;
			buildSettings = {
				ASSETCATALOG_COMPILER_APPICON_NAME = AppIcon;
				DEVELOPMENT_TEAM = K4JGJ48S6A;
				INFOPLIST_FILE = talker/Info.plist;
				PRODUCT_BUNDLE_IDENTIFIER = io.easysolutions.talker;
				PRODUCT_NAME = "$(TARGET_NAME)";
				SWIFT_VERSION = 3.0;
			};
			name = Debug;
		};
		21EEE3971DDF7BC500A2A34C /* Release */ = {
			isa = XCBuildConfiguration;
			baseConfigurationReference = 558342BB70A4A0BA51E2770C /* Pods-talker.release.xcconfig */;
			buildSettings = {
				ASSETCATALOG_COMPILER_APPICON_NAME = AppIcon;
				DEVELOPMENT_TEAM = K4JGJ48S6A;
				INFOPLIST_FILE = talker/Info.plist;
				PRODUCT_BUNDLE_IDENTIFIER = io.easysolutions.talker;
				PRODUCT_NAME = "$(TARGET_NAME)";
				SWIFT_VERSION = 3.0;
			};
			name = Release;
		};
/* End XCBuildConfiguration section */

/* Begin XCConfigurationList section */
		21EEE37C1DDF7BC500A2A34C /* Build configuration list for PBXProject "talker" */ = {
			isa = XCConfigurationList;
			buildConfigurations = (
				21EEE3931DDF7BC500A2A34C /* Debug */,
				21EEE3941DDF7BC500A2A34C /* Release */,
			);
			defaultConfigurationIsVisible = 0;
			defaultConfigurationName = Release;
		};
		21EEE3951DDF7BC500A2A34C /* Build configuration list for PBXNativeTarget "talker" */ = {
			isa = XCConfigurationList;
			buildConfigurations = (
				21EEE3961DDF7BC500A2A34C /* Debug */,
				21EEE3971DDF7BC500A2A34C /* Release */,
			);
			defaultConfigurationIsVisible = 0;
			defaultConfigurationName = Release;
		};
/* End XCConfigurationList section */
	};
	rootObject = 21EEE3791DDF7BC500A2A34C /* Project object */;
}
